// !$*UTF8*$!
{
	archiveVersion = 1;
	classes = {
	};
	objectVersion = 56;
	objects = {

/* Begin PBXBuildFile section */
		2E0828FB2BADA84E003C0B47 /* CryptoItem.swift in Sources */ = {isa = PBXBuildFile; fileRef = 2E0828FA2BADA84D003C0B47 /* CryptoItem.swift */; };
		2E0828FD2BADA877003C0B47 /* DataStatistic.swift in Sources */ = {isa = PBXBuildFile; fileRef = 2E0828FC2BADA877003C0B47 /* DataStatistic.swift */; };
		2E0828FF2BADA899003C0B47 /* CryptoData.swift in Sources */ = {isa = PBXBuildFile; fileRef = 2E0828FE2BADA899003C0B47 /* CryptoData.swift */; };
		2E0829032BADABE0003C0B47 /* NetworkingManager.swift in Sources */ = {isa = PBXBuildFile; fileRef = 2E0829022BADABE0003C0B47 /* NetworkingManager.swift */; };
		2E3ACA2B2BA71771009E5E9B /* LoaderView.swift in Sources */ = {isa = PBXBuildFile; fileRef = 2E3ACA2A2BA71771009E5E9B /* LoaderView.swift */; };
		2E3ACA2E2BA71988009E5E9B /* FirebaseAnalytics in Frameworks */ = {isa = PBXBuildFile; productRef = 2E3ACA2D2BA71988009E5E9B /* FirebaseAnalytics */; };
		2E3ACA302BA71988009E5E9B /* FirebaseAuth in Frameworks */ = {isa = PBXBuildFile; productRef = 2E3ACA2F2BA71988009E5E9B /* FirebaseAuth */; };
		2E3ACA322BA71C89009E5E9B /* HomeViewModel.swift in Sources */ = {isa = PBXBuildFile; fileRef = 2E3ACA312BA71C89009E5E9B /* HomeViewModel.swift */; };
		2EE9BC9F2BA5E56100F33EFB /* CryptyCoApp.swift in Sources */ = {isa = PBXBuildFile; fileRef = 2EE9BC9E2BA5E56100F33EFB /* CryptyCoApp.swift */; };
		2EE9BCA12BA5E56100F33EFB /* SignInView.swift in Sources */ = {isa = PBXBuildFile; fileRef = 2EE9BCA02BA5E56100F33EFB /* SignInView.swift */; };
		2EE9BCA32BA5E56400F33EFB /* Assets.xcassets in Resources */ = {isa = PBXBuildFile; fileRef = 2EE9BCA22BA5E56400F33EFB /* Assets.xcassets */; };
		2EE9BCA62BA5E56400F33EFB /* Preview Assets.xcassets in Resources */ = {isa = PBXBuildFile; fileRef = 2EE9BCA52BA5E56400F33EFB /* Preview Assets.xcassets */; };
		2EE9BCAD2BA5F4A800F33EFB /* GoogleService-Info.plist in Resources */ = {isa = PBXBuildFile; fileRef = 2EE9BCAC2BA5F4A700F33EFB /* GoogleService-Info.plist */; };
		2EE9BCB42BA6024C00F33EFB /* AppDelegate.swift in Sources */ = {isa = PBXBuildFile; fileRef = 2EE9BCB32BA6024C00F33EFB /* AppDelegate.swift */; };
		2EE9BCBC2BA60E5B00F33EFB /* SignUpView.swift in Sources */ = {isa = PBXBuildFile; fileRef = 2EE9BCBB2BA60E5B00F33EFB /* SignUpView.swift */; };
		2EE9BCBE2BA60EF600F33EFB /* AppFonts.swift in Sources */ = {isa = PBXBuildFile; fileRef = 2EE9BCBD2BA60EF600F33EFB /* AppFonts.swift */; };
		2EE9BCC02BA60F1500F33EFB /* AppColors.swift in Sources */ = {isa = PBXBuildFile; fileRef = 2EE9BCBF2BA60F1500F33EFB /* AppColors.swift */; };
		2EE9BCC22BA6122000F33EFB /* HomeView.swift in Sources */ = {isa = PBXBuildFile; fileRef = 2EE9BCC12BA6122000F33EFB /* HomeView.swift */; };
		2EE9BCC42BA6130900F33EFB /* ContentView.swift in Sources */ = {isa = PBXBuildFile; fileRef = 2EE9BCC32BA6130900F33EFB /* ContentView.swift */; };
		2EE9BCD02BA6AA3A00F33EFB /* Poppins-Regular.ttf in Resources */ = {isa = PBXBuildFile; fileRef = 2EE9BCCB2BA6AA3900F33EFB /* Poppins-Regular.ttf */; };
		2EE9BCD12BA6AA3A00F33EFB /* Poppins-Bold.ttf in Resources */ = {isa = PBXBuildFile; fileRef = 2EE9BCCC2BA6AA3900F33EFB /* Poppins-Bold.ttf */; };
		2EE9BCD22BA6AA3A00F33EFB /* Poppins-Light.ttf in Resources */ = {isa = PBXBuildFile; fileRef = 2EE9BCCD2BA6AA3900F33EFB /* Poppins-Light.ttf */; };
		2EE9BCD32BA6AA3A00F33EFB /* Poppins-Medium.ttf in Resources */ = {isa = PBXBuildFile; fileRef = 2EE9BCCE2BA6AA3A00F33EFB /* Poppins-Medium.ttf */; };
		2EE9BCD42BA6AA3A00F33EFB /* Poppins-SemiBold.ttf in Resources */ = {isa = PBXBuildFile; fileRef = 2EE9BCCF2BA6AA3A00F33EFB /* Poppins-SemiBold.ttf */; };
		2EE9BCD72BA6DAB100F33EFB /* HeaderButtonView.swift in Sources */ = {isa = PBXBuildFile; fileRef = 2EE9BCD62BA6DAB000F33EFB /* HeaderButtonView.swift */; };
		2EE9BCD92BA6DD1400F33EFB /* BigTitleView.swift in Sources */ = {isa = PBXBuildFile; fileRef = 2EE9BCD82BA6DD1400F33EFB /* BigTitleView.swift */; };
		2EE9BCE12BA6FAEF00F33EFB /* OnboardingScreenView.swift in Sources */ = {isa = PBXBuildFile; fileRef = 2EE9BCE02BA6FAEE00F33EFB /* OnboardingScreenView.swift */; };
		2EE9BCE32BA6FBF100F33EFB /* OnboardingCarouselView.swift in Sources */ = {isa = PBXBuildFile; fileRef = 2EE9BCE22BA6FBF100F33EFB /* OnboardingCarouselView.swift */; };
		2EE9BCE82BA70DB900F33EFB /* LaunchScreen.storyboard in Resources */ = {isa = PBXBuildFile; fileRef = 2EE9BCE72BA70DB900F33EFB /* LaunchScreen.storyboard */; };
/* End PBXBuildFile section */

/* Begin PBXFileReference section */
		2E0828FA2BADA84D003C0B47 /* CryptoItem.swift */ = {isa = PBXFileReference; lastKnownFileType = sourcecode.swift; path = CryptoItem.swift; sourceTree = "<group>"; };
		2E0828FC2BADA877003C0B47 /* DataStatistic.swift */ = {isa = PBXFileReference; lastKnownFileType = sourcecode.swift; path = DataStatistic.swift; sourceTree = "<group>"; };
		2E0828FE2BADA899003C0B47 /* CryptoData.swift */ = {isa = PBXFileReference; lastKnownFileType = sourcecode.swift; path = CryptoData.swift; sourceTree = "<group>"; };
		2E0829022BADABE0003C0B47 /* NetworkingManager.swift */ = {isa = PBXFileReference; lastKnownFileType = sourcecode.swift; path = NetworkingManager.swift; sourceTree = "<group>"; };
		2E3ACA2A2BA71771009E5E9B /* LoaderView.swift */ = {isa = PBXFileReference; lastKnownFileType = sourcecode.swift; path = LoaderView.swift; sourceTree = "<group>"; };
		2E3ACA312BA71C89009E5E9B /* HomeViewModel.swift */ = {isa = PBXFileReference; lastKnownFileType = sourcecode.swift; path = HomeViewModel.swift; sourceTree = "<group>"; };
		2EE9BC9B2BA5E56100F33EFB /* CryptyCo.app */ = {isa = PBXFileReference; explicitFileType = wrapper.application; includeInIndex = 0; path = CryptyCo.app; sourceTree = BUILT_PRODUCTS_DIR; };
		2EE9BC9E2BA5E56100F33EFB /* CryptyCoApp.swift */ = {isa = PBXFileReference; lastKnownFileType = sourcecode.swift; path = CryptyCoApp.swift; sourceTree = "<group>"; };
		2EE9BCA02BA5E56100F33EFB /* SignInView.swift */ = {isa = PBXFileReference; lastKnownFileType = sourcecode.swift; path = SignInView.swift; sourceTree = "<group>"; };
		2EE9BCA22BA5E56400F33EFB /* Assets.xcassets */ = {isa = PBXFileReference; lastKnownFileType = folder.assetcatalog; path = Assets.xcassets; sourceTree = "<group>"; };
		2EE9BCA52BA5E56400F33EFB /* Preview Assets.xcassets */ = {isa = PBXFileReference; lastKnownFileType = folder.assetcatalog; path = "Preview Assets.xcassets"; sourceTree = "<group>"; };
		2EE9BCAC2BA5F4A700F33EFB /* GoogleService-Info.plist */ = {isa = PBXFileReference; fileEncoding = 4; lastKnownFileType = text.plist.xml; path = "GoogleService-Info.plist"; sourceTree = "<group>"; };
		2EE9BCB32BA6024C00F33EFB /* AppDelegate.swift */ = {isa = PBXFileReference; lastKnownFileType = sourcecode.swift; path = AppDelegate.swift; sourceTree = "<group>"; };
		2EE9BCBB2BA60E5B00F33EFB /* SignUpView.swift */ = {isa = PBXFileReference; lastKnownFileType = sourcecode.swift; path = SignUpView.swift; sourceTree = "<group>"; };
		2EE9BCBD2BA60EF600F33EFB /* AppFonts.swift */ = {isa = PBXFileReference; lastKnownFileType = sourcecode.swift; path = AppFonts.swift; sourceTree = "<group>"; };
		2EE9BCBF2BA60F1500F33EFB /* AppColors.swift */ = {isa = PBXFileReference; lastKnownFileType = sourcecode.swift; path = AppColors.swift; sourceTree = "<group>"; };
		2EE9BCC12BA6122000F33EFB /* HomeView.swift */ = {isa = PBXFileReference; lastKnownFileType = sourcecode.swift; path = HomeView.swift; sourceTree = "<group>"; };
		2EE9BCC32BA6130900F33EFB /* ContentView.swift */ = {isa = PBXFileReference; lastKnownFileType = sourcecode.swift; path = ContentView.swift; sourceTree = "<group>"; };
		2EE9BCCB2BA6AA3900F33EFB /* Poppins-Regular.ttf */ = {isa = PBXFileReference; lastKnownFileType = file; path = "Poppins-Regular.ttf"; sourceTree = "<group>"; };
		2EE9BCCC2BA6AA3900F33EFB /* Poppins-Bold.ttf */ = {isa = PBXFileReference; lastKnownFileType = file; path = "Poppins-Bold.ttf"; sourceTree = "<group>"; };
		2EE9BCCD2BA6AA3900F33EFB /* Poppins-Light.ttf */ = {isa = PBXFileReference; lastKnownFileType = file; path = "Poppins-Light.ttf"; sourceTree = "<group>"; };
		2EE9BCCE2BA6AA3A00F33EFB /* Poppins-Medium.ttf */ = {isa = PBXFileReference; lastKnownFileType = file; path = "Poppins-Medium.ttf"; sourceTree = "<group>"; };
		2EE9BCCF2BA6AA3A00F33EFB /* Poppins-SemiBold.ttf */ = {isa = PBXFileReference; lastKnownFileType = file; path = "Poppins-SemiBold.ttf"; sourceTree = "<group>"; };
		2EE9BCD52BA6AAA500F33EFB /* Info.plist */ = {isa = PBXFileReference; lastKnownFileType = text.plist.xml; path = Info.plist; sourceTree = "<group>"; };
		2EE9BCD62BA6DAB000F33EFB /* HeaderButtonView.swift */ = {isa = PBXFileReference; lastKnownFileType = sourcecode.swift; path = HeaderButtonView.swift; sourceTree = "<group>"; };
		2EE9BCD82BA6DD1400F33EFB /* BigTitleView.swift */ = {isa = PBXFileReference; lastKnownFileType = sourcecode.swift; path = BigTitleView.swift; sourceTree = "<group>"; };
		2EE9BCE02BA6FAEE00F33EFB /* OnboardingScreenView.swift */ = {isa = PBXFileReference; lastKnownFileType = sourcecode.swift; path = OnboardingScreenView.swift; sourceTree = "<group>"; };
		2EE9BCE22BA6FBF100F33EFB /* OnboardingCarouselView.swift */ = {isa = PBXFileReference; lastKnownFileType = sourcecode.swift; path = OnboardingCarouselView.swift; sourceTree = "<group>"; };
		2EE9BCE72BA70DB900F33EFB /* LaunchScreen.storyboard */ = {isa = PBXFileReference; lastKnownFileType = file.storyboard; path = LaunchScreen.storyboard; sourceTree = "<group>"; };
/* End PBXFileReference section */

/* Begin PBXFrameworksBuildPhase section */
		2EE9BC982BA5E56100F33EFB /* Frameworks */ = {
			isa = PBXFrameworksBuildPhase;
			buildActionMask = 2147483647;
			files = (
				2E3ACA2E2BA71988009E5E9B /* FirebaseAnalytics in Frameworks */,
				2E3ACA302BA71988009E5E9B /* FirebaseAuth in Frameworks */,
			);
			runOnlyForDeploymentPostprocessing = 0;
		};
/* End PBXFrameworksBuildPhase section */

/* Begin PBXGroup section */
		2E0828F92BADA78F003C0B47 /* Models */ = {
			isa = PBXGroup;
			children = (
				2E0828FA2BADA84D003C0B47 /* CryptoItem.swift */,
				2E0828FC2BADA877003C0B47 /* DataStatistic.swift */,
				2E0828FE2BADA899003C0B47 /* CryptoData.swift */,
			);
			path = Models;
			sourceTree = "<group>";
		};
		2E0829002BADA952003C0B47 /* Servises */ = {
			isa = PBXGroup;
			children = (
				2E0829022BADABE0003C0B47 /* NetworkingManager.swift */,
			);
			path = Servises;
			sourceTree = "<group>";
		};
		2E0829012BADA969003C0B47 /* App */ = {
			isa = PBXGroup;
			children = (
				2EE9BCD52BA6AAA500F33EFB /* Info.plist */,
				2EE9BCE72BA70DB900F33EFB /* LaunchScreen.storyboard */,
				2EE9BCC32BA6130900F33EFB /* ContentView.swift */,
				2EE9BC9E2BA5E56100F33EFB /* CryptyCoApp.swift */,
				2EE9BCB32BA6024C00F33EFB /* AppDelegate.swift */,
			);
			path = App;
			sourceTree = "<group>";
		};
		2EE9BC922BA5E56100F33EFB = {
			isa = PBXGroup;
			children = (
				2EE9BC9D2BA5E56100F33EFB /* CryptyCo */,
				2EE9BC9C2BA5E56100F33EFB /* Products */,
			);
			sourceTree = "<group>";
		};
		2EE9BC9C2BA5E56100F33EFB /* Products */ = {
			isa = PBXGroup;
			children = (
				2EE9BC9B2BA5E56100F33EFB /* CryptyCo.app */,
			);
			name = Products;
			sourceTree = "<group>";
		};
		2EE9BC9D2BA5E56100F33EFB /* CryptyCo */ = {
			isa = PBXGroup;
			children = (
				2E0829012BADA969003C0B47 /* App */,
				2E0828F92BADA78F003C0B47 /* Models */,
				2E0829002BADA952003C0B47 /* Servises */,
				2EE9BCE62BA6FED700F33EFB /* Core */,
				2EE9BCCA2BA6A9E500F33EFB /* Design */,
				2EE9BCA22BA5E56400F33EFB /* Assets.xcassets */,
				2EE9BCAC2BA5F4A700F33EFB /* GoogleService-Info.plist */,
				2EE9BCA42BA5E56400F33EFB /* Preview Content */,
			);
			path = CryptyCo;
			sourceTree = "<group>";
		};
		2EE9BCA42BA5E56400F33EFB /* Preview Content */ = {
			isa = PBXGroup;
			children = (
				2EE9BCA52BA5E56400F33EFB /* Preview Assets.xcassets */,
			);
			path = "Preview Content";
			sourceTree = "<group>";
		};
		2EE9BCC82BA6A9B800F33EFB /* Login */ = {
			isa = PBXGroup;
			children = (
				2EE9BCA02BA5E56100F33EFB /* SignInView.swift */,
				2EE9BCBB2BA60E5B00F33EFB /* SignUpView.swift */,
			);
			path = Login;
			sourceTree = "<group>";
		};
		2EE9BCC92BA6A9CF00F33EFB /* Home */ = {
			isa = PBXGroup;
			children = (
				2EE9BCC12BA6122000F33EFB /* HomeView.swift */,
				2E3ACA312BA71C89009E5E9B /* HomeViewModel.swift */,
				2EE9BCDA2BA6DD6700F33EFB /* Components */,
			);
			path = Home;
			sourceTree = "<group>";
		};
		2EE9BCCA2BA6A9E500F33EFB /* Design */ = {
			isa = PBXGroup;
			children = (
				2EE9BCBF2BA60F1500F33EFB /* AppColors.swift */,
				2EE9BCBD2BA60EF600F33EFB /* AppFonts.swift */,
				2EE9BCCC2BA6AA3900F33EFB /* Poppins-Bold.ttf */,
				2EE9BCCD2BA6AA3900F33EFB /* Poppins-Light.ttf */,
				2EE9BCCE2BA6AA3A00F33EFB /* Poppins-Medium.ttf */,
				2EE9BCCB2BA6AA3900F33EFB /* Poppins-Regular.ttf */,
				2EE9BCCF2BA6AA3A00F33EFB /* Poppins-SemiBold.ttf */,
			);
			path = Design;
			sourceTree = "<group>";
		};
		2EE9BCDA2BA6DD6700F33EFB /* Components */ = {
			isa = PBXGroup;
			children = (
				2EE9BCD62BA6DAB000F33EFB /* HeaderButtonView.swift */,
				2EE9BCD82BA6DD1400F33EFB /* BigTitleView.swift */,
			);
			path = Components;
			sourceTree = "<group>";
		};
		2EE9BCDF2BA6FAC200F33EFB /* Onboarding */ = {
			isa = PBXGroup;
			children = (
				2EE9BCE02BA6FAEE00F33EFB /* OnboardingScreenView.swift */,
				2EE9BCE22BA6FBF100F33EFB /* OnboardingCarouselView.swift */,
			);
			path = Onboarding;
			sourceTree = "<group>";
		};
		2EE9BCE42BA6FEA200F33EFB /* Loader */ = {
			isa = PBXGroup;
			children = (
				2E3ACA2A2BA71771009E5E9B /* LoaderView.swift */,
			);
			path = Loader;
			sourceTree = "<group>";
		};
		2EE9BCE52BA6FEBC00F33EFB /* Calculate */ = {
			isa = PBXGroup;
			children = (
			);
			path = Calculate;
			sourceTree = "<group>";
		};
		2EE9BCE62BA6FED700F33EFB /* Core */ = {
			isa = PBXGroup;
			children = (
				2EE9BCE42BA6FEA200F33EFB /* Loader */,
				2EE9BCDF2BA6FAC200F33EFB /* Onboarding */,
				2EE9BCC82BA6A9B800F33EFB /* Login */,
				2EE9BCC92BA6A9CF00F33EFB /* Home */,
				2EE9BCE52BA6FEBC00F33EFB /* Calculate */,
			);
			path = Core;
			sourceTree = "<group>";
		};
/* End PBXGroup section */

/* Begin PBXNativeTarget section */
		2EE9BC9A2BA5E56100F33EFB /* CryptyCo */ = {
			isa = PBXNativeTarget;
			buildConfigurationList = 2EE9BCA92BA5E56400F33EFB /* Build configuration list for PBXNativeTarget "CryptyCo" */;
			buildPhases = (
				2EE9BC972BA5E56100F33EFB /* Sources */,
				2EE9BC982BA5E56100F33EFB /* Frameworks */,
				2EE9BC992BA5E56100F33EFB /* Resources */,
			);
			buildRules = (
			);
			dependencies = (
			);
			name = CryptyCo;
			packageProductDependencies = (
				2E3ACA2D2BA71988009E5E9B /* FirebaseAnalytics */,
				2E3ACA2F2BA71988009E5E9B /* FirebaseAuth */,
			);
			productName = CryptyCo;
			productReference = 2EE9BC9B2BA5E56100F33EFB /* CryptyCo.app */;
			productType = "com.apple.product-type.application";
		};
/* End PBXNativeTarget section */

/* Begin PBXProject section */
		2EE9BC932BA5E56100F33EFB /* Project object */ = {
			isa = PBXProject;
			attributes = {
				BuildIndependentTargetsInParallel = 1;
				LastSwiftUpdateCheck = 1420;
				LastUpgradeCheck = 1420;
				TargetAttributes = {
					2EE9BC9A2BA5E56100F33EFB = {
						CreatedOnToolsVersion = 14.2;
					};
				};
			};
			buildConfigurationList = 2EE9BC962BA5E56100F33EFB /* Build configuration list for PBXProject "CryptyCo" */;
			compatibilityVersion = "Xcode 14.0";
			developmentRegion = en;
			hasScannedForEncodings = 0;
			knownRegions = (
				en,
				Base,
			);
			mainGroup = 2EE9BC922BA5E56100F33EFB;
			packageReferences = (
				2E3ACA2C2BA71988009E5E9B /* XCRemoteSwiftPackageReference "firebase-ios-sdk" */,
			);
			productRefGroup = 2EE9BC9C2BA5E56100F33EFB /* Products */;
			projectDirPath = "";
			projectRoot = "";
			targets = (
				2EE9BC9A2BA5E56100F33EFB /* CryptyCo */,
			);
		};
/* End PBXProject section */

/* Begin PBXResourcesBuildPhase section */
		2EE9BC992BA5E56100F33EFB /* Resources */ = {
			isa = PBXResourcesBuildPhase;
			buildActionMask = 2147483647;
			files = (
				2EE9BCE82BA70DB900F33EFB /* LaunchScreen.storyboard in Resources */,
				2EE9BCA62BA5E56400F33EFB /* Preview Assets.xcassets in Resources */,
				2EE9BCD32BA6AA3A00F33EFB /* Poppins-Medium.ttf in Resources */,
				2EE9BCD22BA6AA3A00F33EFB /* Poppins-Light.ttf in Resources */,
				2EE9BCA32BA5E56400F33EFB /* Assets.xcassets in Resources */,
				2EE9BCD12BA6AA3A00F33EFB /* Poppins-Bold.ttf in Resources */,
				2EE9BCD42BA6AA3A00F33EFB /* Poppins-SemiBold.ttf in Resources */,
				2EE9BCAD2BA5F4A800F33EFB /* GoogleService-Info.plist in Resources */,
				2EE9BCD02BA6AA3A00F33EFB /* Poppins-Regular.ttf in Resources */,
			);
			runOnlyForDeploymentPostprocessing = 0;
		};
/* End PBXResourcesBuildPhase section */

/* Begin PBXSourcesBuildPhase section */
		2EE9BC972BA5E56100F33EFB /* Sources */ = {
			isa = PBXSourcesBuildPhase;
			buildActionMask = 2147483647;
			files = (
				2E0828FD2BADA877003C0B47 /* DataStatistic.swift in Sources */,
				2EE9BCE12BA6FAEF00F33EFB /* OnboardingScreenView.swift in Sources */,
				2EE9BCBE2BA60EF600F33EFB /* AppFonts.swift in Sources */,
				2EE9BCB42BA6024C00F33EFB /* AppDelegate.swift in Sources */,
				2E3ACA2B2BA71771009E5E9B /* LoaderView.swift in Sources */,
				2EE9BCE32BA6FBF100F33EFB /* OnboardingCarouselView.swift in Sources */,
				2EE9BCBC2BA60E5B00F33EFB /* SignUpView.swift in Sources */,
				2E0829032BADABE0003C0B47 /* NetworkingManager.swift in Sources */,
				2EE9BCD72BA6DAB100F33EFB /* HeaderButtonView.swift in Sources */,
				2EE9BCA12BA5E56100F33EFB /* SignInView.swift in Sources */,
				2EE9BCC02BA60F1500F33EFB /* AppColors.swift in Sources */,
				2E0828FF2BADA899003C0B47 /* CryptoData.swift in Sources */,
				2E3ACA322BA71C89009E5E9B /* HomeViewModel.swift in Sources */,
				2E0828FB2BADA84E003C0B47 /* CryptoItem.swift in Sources */,
				2EE9BCD92BA6DD1400F33EFB /* BigTitleView.swift in Sources */,
				2EE9BCC42BA6130900F33EFB /* ContentView.swift in Sources */,
				2EE9BCC22BA6122000F33EFB /* HomeView.swift in Sources */,
				2EE9BC9F2BA5E56100F33EFB /* CryptyCoApp.swift in Sources */,
			);
			runOnlyForDeploymentPostprocessing = 0;
		};
/* End PBXSourcesBuildPhase section */

/* Begin XCBuildConfiguration section */
		2EE9BCA72BA5E56400F33EFB /* Debug */ = {
			isa = XCBuildConfiguration;
			buildSettings = {
				ALWAYS_SEARCH_USER_PATHS = NO;
				CLANG_ANALYZER_NONNULL = YES;
				CLANG_ANALYZER_NUMBER_OBJECT_CONVERSION = YES_AGGRESSIVE;
				CLANG_CXX_LANGUAGE_STANDARD = "gnu++20";
				CLANG_ENABLE_MODULES = YES;
				CLANG_ENABLE_OBJC_ARC = YES;
				CLANG_ENABLE_OBJC_WEAK = YES;
				CLANG_WARN_BLOCK_CAPTURE_AUTORELEASING = YES;
				CLANG_WARN_BOOL_CONVERSION = YES;
				CLANG_WARN_COMMA = YES;
				CLANG_WARN_CONSTANT_CONVERSION = YES;
				CLANG_WARN_DEPRECATED_OBJC_IMPLEMENTATIONS = YES;
				CLANG_WARN_DIRECT_OBJC_ISA_USAGE = YES_ERROR;
				CLANG_WARN_DOCUMENTATION_COMMENTS = YES;
				CLANG_WARN_EMPTY_BODY = YES;
				CLANG_WARN_ENUM_CONVERSION = YES;
				CLANG_WARN_INFINITE_RECURSION = YES;
				CLANG_WARN_INT_CONVERSION = YES;
				CLANG_WARN_NON_LITERAL_NULL_CONVERSION = YES;
				CLANG_WARN_OBJC_IMPLICIT_RETAIN_SELF = YES;
				CLANG_WARN_OBJC_LITERAL_CONVERSION = YES;
				CLANG_WARN_OBJC_ROOT_CLASS = YES_ERROR;
				CLANG_WARN_QUOTED_INCLUDE_IN_FRAMEWORK_HEADER = YES;
				CLANG_WARN_RANGE_LOOP_ANALYSIS = YES;
				CLANG_WARN_STRICT_PROTOTYPES = YES;
				CLANG_WARN_SUSPICIOUS_MOVE = YES;
				CLANG_WARN_UNGUARDED_AVAILABILITY = YES_AGGRESSIVE;
				CLANG_WARN_UNREACHABLE_CODE = YES;
				CLANG_WARN__DUPLICATE_METHOD_MATCH = YES;
				COPY_PHASE_STRIP = NO;
				DEBUG_INFORMATION_FORMAT = dwarf;
				ENABLE_STRICT_OBJC_MSGSEND = YES;
				ENABLE_TESTABILITY = YES;
				GCC_C_LANGUAGE_STANDARD = gnu11;
				GCC_DYNAMIC_NO_PIC = NO;
				GCC_NO_COMMON_BLOCKS = YES;
				GCC_OPTIMIZATION_LEVEL = 0;
				GCC_PREPROCESSOR_DEFINITIONS = (
					"DEBUG=1",
					"$(inherited)",
				);
				GCC_WARN_64_TO_32_BIT_CONVERSION = YES;
				GCC_WARN_ABOUT_RETURN_TYPE = YES_ERROR;
				GCC_WARN_UNDECLARED_SELECTOR = YES;
				GCC_WARN_UNINITIALIZED_AUTOS = YES_AGGRESSIVE;
				GCC_WARN_UNUSED_FUNCTION = YES;
				GCC_WARN_UNUSED_VARIABLE = YES;
				IPHONEOS_DEPLOYMENT_TARGET = 16.2;
				MTL_ENABLE_DEBUG_INFO = INCLUDE_SOURCE;
				MTL_FAST_MATH = YES;
				ONLY_ACTIVE_ARCH = YES;
				SDKROOT = iphoneos;
				SWIFT_ACTIVE_COMPILATION_CONDITIONS = DEBUG;
				SWIFT_OPTIMIZATION_LEVEL = "-Onone";
			};
			name = Debug;
		};
		2EE9BCA82BA5E56400F33EFB /* Release */ = {
			isa = XCBuildConfiguration;
			buildSettings = {
				ALWAYS_SEARCH_USER_PATHS = NO;
				CLANG_ANALYZER_NONNULL = YES;
				CLANG_ANALYZER_NUMBER_OBJECT_CONVERSION = YES_AGGRESSIVE;
				CLANG_CXX_LANGUAGE_STANDARD = "gnu++20";
				CLANG_ENABLE_MODULES = YES;
				CLANG_ENABLE_OBJC_ARC = YES;
				CLANG_ENABLE_OBJC_WEAK = YES;
				CLANG_WARN_BLOCK_CAPTURE_AUTORELEASING = YES;
				CLANG_WARN_BOOL_CONVERSION = YES;
				CLANG_WARN_COMMA = YES;
				CLANG_WARN_CONSTANT_CONVERSION = YES;
				CLANG_WARN_DEPRECATED_OBJC_IMPLEMENTATIONS = YES;
				CLANG_WARN_DIRECT_OBJC_ISA_USAGE = YES_ERROR;
				CLANG_WARN_DOCUMENTATION_COMMENTS = YES;
				CLANG_WARN_EMPTY_BODY = YES;
				CLANG_WARN_ENUM_CONVERSION = YES;
				CLANG_WARN_INFINITE_RECURSION = YES;
				CLANG_WARN_INT_CONVERSION = YES;
				CLANG_WARN_NON_LITERAL_NULL_CONVERSION = YES;
				CLANG_WARN_OBJC_IMPLICIT_RETAIN_SELF = YES;
				CLANG_WARN_OBJC_LITERAL_CONVERSION = YES;
				CLANG_WARN_OBJC_ROOT_CLASS = YES_ERROR;
				CLANG_WARN_QUOTED_INCLUDE_IN_FRAMEWORK_HEADER = YES;
				CLANG_WARN_RANGE_LOOP_ANALYSIS = YES;
				CLANG_WARN_STRICT_PROTOTYPES = YES;
				CLANG_WARN_SUSPICIOUS_MOVE = YES;
				CLANG_WARN_UNGUARDED_AVAILABILITY = YES_AGGRESSIVE;
				CLANG_WARN_UNREACHABLE_CODE = YES;
				CLANG_WARN__DUPLICATE_METHOD_MATCH = YES;
				COPY_PHASE_STRIP = NO;
				DEBUG_INFORMATION_FORMAT = "dwarf-with-dsym";
				ENABLE_NS_ASSERTIONS = NO;
				ENABLE_STRICT_OBJC_MSGSEND = YES;
				GCC_C_LANGUAGE_STANDARD = gnu11;
				GCC_NO_COMMON_BLOCKS = YES;
				GCC_WARN_64_TO_32_BIT_CONVERSION = YES;
				GCC_WARN_ABOUT_RETURN_TYPE = YES_ERROR;
				GCC_WARN_UNDECLARED_SELECTOR = YES;
				GCC_WARN_UNINITIALIZED_AUTOS = YES_AGGRESSIVE;
				GCC_WARN_UNUSED_FUNCTION = YES;
				GCC_WARN_UNUSED_VARIABLE = YES;
				IPHONEOS_DEPLOYMENT_TARGET = 16.2;
				MTL_ENABLE_DEBUG_INFO = NO;
				MTL_FAST_MATH = YES;
				SDKROOT = iphoneos;
				SWIFT_COMPILATION_MODE = wholemodule;
				SWIFT_OPTIMIZATION_LEVEL = "-O";
				VALIDATE_PRODUCT = YES;
			};
			name = Release;
		};
		2EE9BCAA2BA5E56400F33EFB /* Debug */ = {
			isa = XCBuildConfiguration;
			buildSettings = {
				ASSETCATALOG_COMPILER_APPICON_NAME = AppIcon;
				ASSETCATALOG_COMPILER_GLOBAL_ACCENT_COLOR_NAME = AccentColor;
				CODE_SIGN_STYLE = Automatic;
				CURRENT_PROJECT_VERSION = 1;
				DEVELOPMENT_ASSET_PATHS = "\"CryptyCo/Preview Content\"";
				DEVELOPMENT_TEAM = 3VJYN6Z9BM;
				ENABLE_PREVIEWS = YES;
				GENERATE_INFOPLIST_FILE = YES;
				INFOPLIST_FILE = CryptyCo/Info.plist;
				INFOPLIST_KEY_UIApplicationSceneManifest_Generation = YES;
				INFOPLIST_KEY_UIApplicationSupportsIndirectInputEvents = YES;
				INFOPLIST_KEY_UILaunchScreen_Generation = YES;
				INFOPLIST_KEY_UILaunchStoryboardName = LaunchScreen.storyboard;
				INFOPLIST_KEY_UISupportedInterfaceOrientations_iPad = "UIInterfaceOrientationPortrait UIInterfaceOrientationPortraitUpsideDown UIInterfaceOrientationLandscapeLeft UIInterfaceOrientationLandscapeRight";
				INFOPLIST_KEY_UISupportedInterfaceOrientations_iPhone = "UIInterfaceOrientationPortrait UIInterfaceOrientationLandscapeLeft UIInterfaceOrientationLandscapeRight";
				LD_RUNPATH_SEARCH_PATHS = (
					"$(inherited)",
					"@executable_path/Frameworks",
				);
				MARKETING_VERSION = 1.0;
				PRODUCT_BUNDLE_IDENTIFIER = ru.anastasialarina.CryptyCo;
				PRODUCT_NAME = "$(TARGET_NAME)";
				SWIFT_EMIT_LOC_STRINGS = YES;
				SWIFT_VERSION = 5.0;
				TARGETED_DEVICE_FAMILY = "1,2";
			};
			name = Debug;
		};
		2EE9BCAB2BA5E56400F33EFB /* Release */ = {
			isa = XCBuildConfiguration;
			buildSettings = {
				ASSETCATALOG_COMPILER_APPICON_NAME = AppIcon;
				ASSETCATALOG_COMPILER_GLOBAL_ACCENT_COLOR_NAME = AccentColor;
				CODE_SIGN_STYLE = Automatic;
				CURRENT_PROJECT_VERSION = 1;
				DEVELOPMENT_ASSET_PATHS = "\"CryptyCo/Preview Content\"";
				DEVELOPMENT_TEAM = 3VJYN6Z9BM;
				ENABLE_PREVIEWS = YES;
				GENERATE_INFOPLIST_FILE = YES;
				INFOPLIST_FILE = CryptyCo/Info.plist;
				INFOPLIST_KEY_UIApplicationSceneManifest_Generation = YES;
				INFOPLIST_KEY_UIApplicationSupportsIndirectInputEvents = YES;
				INFOPLIST_KEY_UILaunchScreen_Generation = YES;
				INFOPLIST_KEY_UILaunchStoryboardName = LaunchScreen.storyboard;
				INFOPLIST_KEY_UISupportedInterfaceOrientations_iPad = "UIInterfaceOrientationPortrait UIInterfaceOrientationPortraitUpsideDown UIInterfaceOrientationLandscapeLeft UIInterfaceOrientationLandscapeRight";
				INFOPLIST_KEY_UISupportedInterfaceOrientations_iPhone = "UIInterfaceOrientationPortrait UIInterfaceOrientationLandscapeLeft UIInterfaceOrientationLandscapeRight";
				LD_RUNPATH_SEARCH_PATHS = (
					"$(inherited)",
					"@executable_path/Frameworks",
				);
				MARKETING_VERSION = 1.0;
				PRODUCT_BUNDLE_IDENTIFIER = ru.anastasialarina.CryptyCo;
				PRODUCT_NAME = "$(TARGET_NAME)";
				SWIFT_EMIT_LOC_STRINGS = YES;
				SWIFT_VERSION = 5.0;
				TARGETED_DEVICE_FAMILY = "1,2";
			};
			name = Release;
		};
/* End XCBuildConfiguration section */

/* Begin XCConfigurationList section */
		2EE9BC962BA5E56100F33EFB /* Build configuration list for PBXProject "CryptyCo" */ = {
			isa = XCConfigurationList;
			buildConfigurations = (
				2EE9BCA72BA5E56400F33EFB /* Debug */,
				2EE9BCA82BA5E56400F33EFB /* Release */,
			);
			defaultConfigurationIsVisible = 0;
			defaultConfigurationName = Release;
		};
		2EE9BCA92BA5E56400F33EFB /* Build configuration list for PBXNativeTarget "CryptyCo" */ = {
			isa = XCConfigurationList;
			buildConfigurations = (
				2EE9BCAA2BA5E56400F33EFB /* Debug */,
				2EE9BCAB2BA5E56400F33EFB /* Release */,
			);
			defaultConfigurationIsVisible = 0;
			defaultConfigurationName = Release;
		};
/* End XCConfigurationList section */

/* Begin XCRemoteSwiftPackageReference section */
		2E3ACA2C2BA71988009E5E9B /* XCRemoteSwiftPackageReference "firebase-ios-sdk" */ = {
			isa = XCRemoteSwiftPackageReference;
			repositoryURL = "https://github.com/firebase/firebase-ios-sdk";
			requirement = {
				kind = upToNextMajorVersion;
				minimumVersion = 10.22.0;
			};
		};
/* End XCRemoteSwiftPackageReference section */

/* Begin XCSwiftPackageProductDependency section */
		2E3ACA2D2BA71988009E5E9B /* FirebaseAnalytics */ = {
			isa = XCSwiftPackageProductDependency;
			package = 2E3ACA2C2BA71988009E5E9B /* XCRemoteSwiftPackageReference "firebase-ios-sdk" */;
			productName = FirebaseAnalytics;
		};
		2E3ACA2F2BA71988009E5E9B /* FirebaseAuth */ = {
			isa = XCSwiftPackageProductDependency;
			package = 2E3ACA2C2BA71988009E5E9B /* XCRemoteSwiftPackageReference "firebase-ios-sdk" */;
			productName = FirebaseAuth;
		};
/* End XCSwiftPackageProductDependency section */
	};
	rootObject = 2EE9BC932BA5E56100F33EFB /* Project object */;
}
